
Microsoft Visual Studio Solution File, Format Version 12.00
# Visual Studio Version 17
VisualStudioVersion = 17.3.32922.545
MinimumVisualStudioVersion = 10.0.40219.1
Project("{2150E333-8FDC-42A3-9474-1A3956D46DE8}") = "Server", "Server", "{EB381E59-3CED-4D7B-A544-386B989FEEB8}"
EndProject
Project("{2150E333-8FDC-42A3-9474-1A3956D46DE8}") = "Migrators", "Migrators", "{646DE215-0F4C-4B3A-88A6-71E3DE9BA498}"
EndProject
Project("{9A19103F-16F7-4668-BE54-9A1E7A4F7556}") = "Host", "Host\Host.csproj", "{199A5B8D-02F4-46BB-8186-BF8DD6419042}"
EndProject
Project("{9A19103F-16F7-4668-BE54-9A1E7A4F7556}") = "Migrators.PostgreSQL", "Migrators.PostgreSQL\Migrators.PostgreSQL.csproj", "{6D499649-12AA-46FC-8071-6E4BC25319AF}"
EndProject
Project("{9A19103F-16F7-4668-BE54-9A1E7A4F7556}") = "App.Shared", "App.Shared\App.Shared.csproj", "{38199CA7-FE9B-4C87-BFE7-743D6C4D6210}"
EndProject
Project("{9A19103F-16F7-4668-BE54-9A1E7A4F7556}") = "Migrators.Sqlite", "Migrators.Sqlite\Migrators.Sqlite.csproj", "{EABCEAE1-ED5E-4AE0-A0A8-B5F66BCB5842}"
EndProject
Project("{9A19103F-16F7-4668-BE54-9A1E7A4F7556}") = "Domain", "Domain\Domain.csproj", "{95335745-5206-4937-84C6-6C36DF5FA65E}"
EndProject
Project("{9A19103F-16F7-4668-BE54-9A1E7A4F7556}") = "Application", "Application\Application.csproj", "{611FCCA3-F5C8-438E-A08F-FB37F227333B}"
EndProject
Project("{9A19103F-16F7-4668-BE54-9A1E7A4F7556}") = "Infrastructure", "Infrastructure\Infrastructure.csproj", "{368EF566-B440-4E87-86AB-395B86155978}"
EndProject
Project("{9A19103F-16F7-4668-BE54-9A1E7A4F7556}") = "Migrators.SQLServer", "Migrators.SQLServer\Migrators.SQLServer.csproj", "{DBB66D75-08BE-432B-B0DF-0640B78C9763}"
EndProject
Global
	GlobalSection(SolutionConfigurationPlatforms) = preSolution
		Debug|Any CPU = Debug|Any CPU
		Release|Any CPU = Release|Any CPU
	EndGlobalSection
	GlobalSection(ProjectConfigurationPlatforms) = postSolution
		{199A5B8D-02F4-46BB-8186-BF8DD6419042}.Debug|Any CPU.ActiveCfg = Debug|Any CPU
		{199A5B8D-02F4-46BB-8186-BF8DD6419042}.Debug|Any CPU.Build.0 = Debug|Any CPU
		{199A5B8D-02F4-46BB-8186-BF8DD6419042}.Release|Any CPU.ActiveCfg = Release|Any CPU
		{199A5B8D-02F4-46BB-8186-BF8DD6419042}.Release|Any CPU.Build.0 = Release|Any CPU
		{6D499649-12AA-46FC-8071-6E4BC25319AF}.Debug|Any CPU.ActiveCfg = Debug|Any CPU
		{6D499649-12AA-46FC-8071-6E4BC25319AF}.Debug|Any CPU.Build.0 = Debug|Any CPU
		{6D499649-12AA-46FC-8071-6E4BC25319AF}.Release|Any CPU.ActiveCfg = Release|Any CPU
		{6D499649-12AA-46FC-8071-6E4BC25319AF}.Release|Any CPU.Build.0 = Release|Any CPU
		{38199CA7-FE9B-4C87-BFE7-743D6C4D6210}.Debug|Any CPU.ActiveCfg = Debug|Any CPU
		{38199CA7-FE9B-4C87-BFE7-743D6C4D6210}.Debug|Any CPU.Build.0 = Debug|Any CPU
		{38199CA7-FE9B-4C87-BFE7-743D6C4D6210}.Release|Any CPU.ActiveCfg = Release|Any CPU
		{38199CA7-FE9B-4C87-BFE7-743D6C4D6210}.Release|Any CPU.Build.0 = Release|Any CPU
		{EABCEAE1-ED5E-4AE0-A0A8-B5F66BCB5842}.Debug|Any CPU.ActiveCfg = Debug|Any CPU
		{EABCEAE1-ED5E-4AE0-A0A8-B5F66BCB5842}.Debug|Any CPU.Build.0 = Debug|Any CPU
		{EABCEAE1-ED5E-4AE0-A0A8-B5F66BCB5842}.Release|Any CPU.ActiveCfg = Release|Any CPU
		{EABCEAE1-ED5E-4AE0-A0A8-B5F66BCB5842}.Release|Any CPU.Build.0 = Release|Any CPU
		{95335745-5206-4937-84C6-6C36DF5FA65E}.Debug|Any CPU.ActiveCfg = Debug|Any CPU
		{95335745-5206-4937-84C6-6C36DF5FA65E}.Debug|Any CPU.Build.0 = Debug|Any CPU
		{95335745-5206-4937-84C6-6C36DF5FA65E}.Release|Any CPU.ActiveCfg = Release|Any CPU
		{95335745-5206-4937-84C6-6C36DF5FA65E}.Release|Any CPU.Build.0 = Release|Any CPU
		{611FCCA3-F5C8-438E-A08F-FB37F227333B}.Debug|Any CPU.ActiveCfg = Debug|Any CPU
		{611FCCA3-F5C8-438E-A08F-FB37F227333B}.Debug|Any CPU.Build.0 = Debug|Any CPU
		{611FCCA3-F5C8-438E-A08F-FB37F227333B}.Release|Any CPU.ActiveCfg = Release|Any CPU
		{611FCCA3-F5C8-438E-A08F-FB37F227333B}.Release|Any CPU.Build.0 = Release|Any CPU
		{368EF566-B440-4E87-86AB-395B86155978}.Debug|Any CPU.ActiveCfg = Debug|Any CPU
		{368EF566-B440-4E87-86AB-395B86155978}.Debug|Any CPU.Build.0 = Debug|Any CPU
		{368EF566-B440-4E87-86AB-395B86155978}.Release|Any CPU.ActiveCfg = Release|Any CPU
		{368EF566-B440-4E87-86AB-395B86155978}.Release|Any CPU.Build.0 = Release|Any CPU
		{DBB66D75-08BE-432B-B0DF-0640B78C9763}.Debug|Any CPU.ActiveCfg = Debug|Any CPU
		{DBB66D75-08BE-432B-B0DF-0640B78C9763}.Debug|Any CPU.Build.0 = Debug|Any CPU
		{DBB66D75-08BE-432B-B0DF-0640B78C9763}.Release|Any CPU.ActiveCfg = Release|Any CPU
		{DBB66D75-08BE-432B-B0DF-0640B78C9763}.Release|Any CPU.Build.0 = Release|Any CPU
	EndGlobalSection
	GlobalSection(SolutionProperties) = preSolution
		HideSolutionNode = FALSE
	EndGlobalSection
	GlobalSection(NestedProjects) = preSolution
		{646DE215-0F4C-4B3A-88A6-71E3DE9BA498} = {EB381E59-3CED-4D7B-A544-386B989FEEB8}
		{199A5B8D-02F4-46BB-8186-BF8DD6419042} = {EB381E59-3CED-4D7B-A544-386B989FEEB8}
		{6D499649-12AA-46FC-8071-6E4BC25319AF} = {646DE215-0F4C-4B3A-88A6-71E3DE9BA498}
		{EABCEAE1-ED5E-4AE0-A0A8-B5F66BCB5842} = {646DE215-0F4C-4B3A-88A6-71E3DE9BA498}
		{95335745-5206-4937-84C6-6C36DF5FA65E} = {EB381E59-3CED-4D7B-A544-386B989FEEB8}
		{611FCCA3-F5C8-438E-A08F-FB37F227333B} = {EB381E59-3CED-4D7B-A544-386B989FEEB8}
		{368EF566-B440-4E87-86AB-395B86155978} = {EB381E59-3CED-4D7B-A544-386B989FEEB8}
		{DBB66D75-08BE-432B-B0DF-0640B78C9763} = {646DE215-0F4C-4B3A-88A6-71E3DE9BA498}
	EndGlobalSection
	GlobalSection(ExtensibilityGlobals) = postSolution
		SolutionGuid = {8251CD26-BA2C-45CB-94BD-642E8E0BDBDE}
	EndGlobalSection
EndGlobal
